{
    "_meta": {
        "hash": {
            "sha256": "14afe8c63de5c01488a974591057c24519dc17602aaba9a110e01546ffa10df7"
        },
        "pipfile-spec": 6,
        "requires": {
            "python_version": "3.9"
        },
        "sources": [
            {
                "name": "pypi",
                "url": "https://pypi.org/simple",
                "verify_ssl": true
            }
        ]
    },
    "default": {
        "fonttools": {
            "hashes": [
                "sha256:86918c150c6412798e15a0de6c3e0d061ddefddd00f97b4f7b43dfa867ad315e",
                "sha256:afae1b39555f9c3f0ad1f0f1daf678e5ad157e38c8842ecb567951bf1a9b9fd7"
            ],
            "index": "pypi",
            "version": "==4.37.4"
        },
        "psvg": {
            "hashes": [
                "sha256:83514fe23fd3f080d96febd59a514e03351b9ce1074da16ce6e14f2cc850310c",
                "sha256:cec0eb394842550bf7038f8df34aa3519b71ab905029688f8db92ec50502c50e"
            ],
            "index": "pypi",
            "version": "==0.0.2"
        }
    },
    "develop": {}
}
