{
    "_meta": {
        "hash": {
            "sha256": "14afe8c63de5c01488a974591057c24519dc17602aaba9a110e01546ffa10df7"
        },
        "pipfile-spec": 6,
        "requires": {
            "python_version": "3.9"
        },
        "sources": [
            {
                "name": "pypi",
                "url": "https://pypi.org/simple",
                "verify_ssl": true
            }
        ]
    },
    "default": {
        "fonttools": {
            "hashes": [
                "sha256:2bb244009f9bf3fa100fc3ead6aeb99febe5985fa20afbfbaa2f8946c2fbdaf1",
                "sha256:820466f43c8be8c3009aef8b87e785014133508f0de64ec469e4efb643ae54fb"
            ],
            "index": "pypi",
            "version": "==4.38.0"
        },
        "psvg": {
            "hashes": [
                "sha256:99456f5c86690b883adb7bcc6f52d00e7c02712bc07c77049202277ec67ebb9c",
                "sha256:cebd26131879220470b6cfc28a5e77455c69dc85e6a6988a099c74d489cc3be1"
            ],
            "index": "pypi",
            "version": "==0.0.4"
        }
    },
    "develop": {}
}
